
Microsoft Visual Studio Solution File, Format Version 12.00
# Visual Studio Version 17
VisualStudioVersion = 17.10.35122.118
MinimumVisualStudioVersion = 10.0.40219.1
Project("{FAE04EC0-301F-11D3-BF4B-00C04F79EFBC}") = "CountryCodes", "CountryCodes\CountryCodes.csproj", "{1F8DDFE7-DF21-456E-8AB2-B1A338D03DC8}"
EndProject
Global
	GlobalSection(SolutionConfigurationPlatforms) = preSolution
		Debug|Any CPU = Debug|Any CPU
		Release|Any CPU = Release|Any CPU
	EndGlobalSection
	GlobalSection(ProjectConfigurationPlatforms) = postSolution
		{1F8DDFE7-DF21-456E-8AB2-B1A338D03DC8}.Debug|Any CPU.ActiveCfg = Debug|Any CPU
		{1F8DDFE7-DF21-456E-8AB2-B1A338D03DC8}.Debug|Any CPU.Build.0 = Debug|Any CPU
		{1F8DDFE7-DF21-456E-8AB2-B1A338D03DC8}.Release|Any CPU.ActiveCfg = Release|Any CPU
		{1F8DDFE7-DF21-456E-8AB2-B1A338D03DC8}.Release|Any CPU.Build.0 = Release|Any CPU
	EndGlobalSection
	GlobalSection(SolutionProperties) = preSolution
		HideSolutionNode = FALSE
	EndGlobalSection
	GlobalSection(ExtensibilityGlobals) = postSolution
		SolutionGuid = {AF93327F-12AA-42B9-90C3-1F3745A52527}
	EndGlobalSection
EndGlobal
